// !$*UTF8*$!
{
	archiveVersion = 1;
	classes = {
	};
	objectVersion = 48;
	objects = {

/* Begin PBXBuildFile section */
		900B8D9A20385C620058FB3D /* CharacterReportViewController.swift in Sources */ = {isa = PBXBuildFile; fileRef = 900B8D9920385C620058FB3D /* CharacterReportViewController.swift */; };
		9023D46E2035FD9F00851F53 /* CharacterQuestionsViewController.swift in Sources */ = {isa = PBXBuildFile; fileRef = 9023D46D2035FD9F00851F53 /* CharacterQuestionsViewController.swift */; };
		90465CA9203C70AB007260B6 /* CharacterDetailsViewController.swift in Sources */ = {isa = PBXBuildFile; fileRef = 90465CA8203C70AB007260B6 /* CharacterDetailsViewController.swift */; };
		90539FE7203592EF0074A1B2 /* AppDelegate.swift in Sources */ = {isa = PBXBuildFile; fileRef = 90539FE6203592EF0074A1B2 /* AppDelegate.swift */; };
		90539FE9203592EF0074A1B2 /* ViewController.swift in Sources */ = {isa = PBXBuildFile; fileRef = 90539FE8203592EF0074A1B2 /* ViewController.swift */; };
		90539FEC203592EF0074A1B2 /* Main.storyboard in Resources */ = {isa = PBXBuildFile; fileRef = 90539FEA203592EF0074A1B2 /* Main.storyboard */; };
		90539FEE203592EF0074A1B2 /* Assets.xcassets in Resources */ = {isa = PBXBuildFile; fileRef = 90539FED203592EF0074A1B2 /* Assets.xcassets */; };
		90539FF1203592EF0074A1B2 /* LaunchScreen.storyboard in Resources */ = {isa = PBXBuildFile; fileRef = 90539FEF203592EF0074A1B2 /* LaunchScreen.storyboard */; };
		90539FFC203592EF0074A1B2 /* Genc__KariyerTests.swift in Sources */ = {isa = PBXBuildFile; fileRef = 90539FFB203592EF0074A1B2 /* Genc__KariyerTests.swift */; };
/* End PBXBuildFile section */

/* Begin PBXContainerItemProxy section */
		90539FF8203592EF0074A1B2 /* PBXContainerItemProxy */ = {
			isa = PBXContainerItemProxy;
			containerPortal = 90539FDB203592EF0074A1B2 /* Project object */;
			proxyType = 1;
			remoteGlobalIDString = 90539FE2203592EF0074A1B2;
			remoteInfo = "Genç Kariyer";
		};
/* End PBXContainerItemProxy section */

/* Begin PBXFileReference section */
		900B8D9920385C620058FB3D /* CharacterReportViewController.swift */ = {isa = PBXFileReference; lastKnownFileType = sourcecode.swift; path = CharacterReportViewController.swift; sourceTree = "<group>"; };
		9023D46D2035FD9F00851F53 /* CharacterQuestionsViewController.swift */ = {isa = PBXFileReference; lastKnownFileType = sourcecode.swift; path = CharacterQuestionsViewController.swift; sourceTree = "<group>"; };
		90465CA8203C70AB007260B6 /* CharacterDetailsViewController.swift */ = {isa = PBXFileReference; lastKnownFileType = sourcecode.swift; path = CharacterDetailsViewController.swift; sourceTree = "<group>"; };
		90539FE3203592EF0074A1B2 /* Genç Kariyer.app */ = {isa = PBXFileReference; explicitFileType = wrapper.application; includeInIndex = 0; path = "Genç Kariyer.app"; sourceTree = BUILT_PRODUCTS_DIR; };
		90539FE6203592EF0074A1B2 /* AppDelegate.swift */ = {isa = PBXFileReference; lastKnownFileType = sourcecode.swift; path = AppDelegate.swift; sourceTree = "<group>"; };
		90539FE8203592EF0074A1B2 /* ViewController.swift */ = {isa = PBXFileReference; lastKnownFileType = sourcecode.swift; path = ViewController.swift; sourceTree = "<group>"; };
		90539FEB203592EF0074A1B2 /* Base */ = {isa = PBXFileReference; lastKnownFileType = file.storyboard; name = Base; path = Base.lproj/Main.storyboard; sourceTree = "<group>"; };
		90539FED203592EF0074A1B2 /* Assets.xcassets */ = {isa = PBXFileReference; lastKnownFileType = folder.assetcatalog; path = Assets.xcassets; sourceTree = "<group>"; };
		90539FF0203592EF0074A1B2 /* Base */ = {isa = PBXFileReference; lastKnownFileType = file.storyboard; name = Base; path = Base.lproj/LaunchScreen.storyboard; sourceTree = "<group>"; };
		90539FF2203592EF0074A1B2 /* Info.plist */ = {isa = PBXFileReference; lastKnownFileType = text.plist.xml; path = Info.plist; sourceTree = "<group>"; };
		90539FF7203592EF0074A1B2 /* Genç KariyerTests.xctest */ = {isa = PBXFileReference; explicitFileType = wrapper.cfbundle; includeInIndex = 0; path = "Genç KariyerTests.xctest"; sourceTree = BUILT_PRODUCTS_DIR; };
		90539FFB203592EF0074A1B2 /* Genc__KariyerTests.swift */ = {isa = PBXFileReference; lastKnownFileType = sourcecode.swift; path = Genc__KariyerTests.swift; sourceTree = "<group>"; };
		90539FFD203592EF0074A1B2 /* Info.plist */ = {isa = PBXFileReference; lastKnownFileType = text.plist.xml; path = Info.plist; sourceTree = "<group>"; };
/* End PBXFileReference section */

/* Begin PBXFrameworksBuildPhase section */
		90539FE0203592EF0074A1B2 /* Frameworks */ = {
			isa = PBXFrameworksBuildPhase;
			buildActionMask = 2147483647;
			files = (
			);
			runOnlyForDeploymentPostprocessing = 0;
		};
		90539FF4203592EF0074A1B2 /* Frameworks */ = {
			isa = PBXFrameworksBuildPhase;
			buildActionMask = 2147483647;
			files = (
			);
			runOnlyForDeploymentPostprocessing = 0;
		};
/* End PBXFrameworksBuildPhase section */

/* Begin PBXGroup section */
		90539FDA203592EF0074A1B2 = {
			isa = PBXGroup;
			children = (
				90539FE5203592EF0074A1B2 /* Genç Kariyer */,
				90539FFA203592EF0074A1B2 /* Genç KariyerTests */,
				90539FE4203592EF0074A1B2 /* Products */,
			);
			sourceTree = "<group>";
		};
		90539FE4203592EF0074A1B2 /* Products */ = {
			isa = PBXGroup;
			children = (
				90539FE3203592EF0074A1B2 /* Genç Kariyer.app */,
				90539FF7203592EF0074A1B2 /* Genç KariyerTests.xctest */,
			);
			name = Products;
			sourceTree = "<group>";
		};
		90539FE5203592EF0074A1B2 /* Genç Kariyer */ = {
			isa = PBXGroup;
			children = (
				90539FE6203592EF0074A1B2 /* AppDelegate.swift */,
				90539FE8203592EF0074A1B2 /* ViewController.swift */,
				9023D46D2035FD9F00851F53 /* CharacterQuestionsViewController.swift */,
				900B8D9920385C620058FB3D /* CharacterReportViewController.swift */,
				90465CA8203C70AB007260B6 /* CharacterDetailsViewController.swift */,
				90539FEA203592EF0074A1B2 /* Main.storyboard */,
				90539FED203592EF0074A1B2 /* Assets.xcassets */,
				90539FEF203592EF0074A1B2 /* LaunchScreen.storyboard */,
				90539FF2203592EF0074A1B2 /* Info.plist */,
			);
			path = "Genç Kariyer";
			sourceTree = "<group>";
		};
		90539FFA203592EF0074A1B2 /* Genç KariyerTests */ = {
			isa = PBXGroup;
			children = (
				90539FFB203592EF0074A1B2 /* Genc__KariyerTests.swift */,
				90539FFD203592EF0074A1B2 /* Info.plist */,
			);
			path = "Genç KariyerTests";
			sourceTree = "<group>";
		};
/* End PBXGroup section */

/* Begin PBXNativeTarget section */
		90539FE2203592EF0074A1B2 /* Genç Kariyer */ = {
			isa = PBXNativeTarget;
			buildConfigurationList = 9053A000203592EF0074A1B2 /* Build configuration list for PBXNativeTarget "Genç Kariyer" */;
			buildPhases = (
				90539FDF203592EF0074A1B2 /* Sources */,
				90539FE0203592EF0074A1B2 /* Frameworks */,
				90539FE1203592EF0074A1B2 /* Resources */,
			);
			buildRules = (
			);
			dependencies = (
			);
			name = "Genç Kariyer";
			productName = "Genç Kariyer";
			productReference = 90539FE3203592EF0074A1B2 /* Genç Kariyer.app */;
			productType = "com.apple.product-type.application";
		};
		90539FF6203592EF0074A1B2 /* Genç KariyerTests */ = {
			isa = PBXNativeTarget;
			buildConfigurationList = 9053A003203592EF0074A1B2 /* Build configuration list for PBXNativeTarget "Genç KariyerTests" */;
			buildPhases = (
				90539FF3203592EF0074A1B2 /* Sources */,
				90539FF4203592EF0074A1B2 /* Frameworks */,
				90539FF5203592EF0074A1B2 /* Resources */,
			);
			buildRules = (
			);
			dependencies = (
				90539FF9203592EF0074A1B2 /* PBXTargetDependency */,
			);
			name = "Genç KariyerTests";
			productName = "Genç KariyerTests";
			productReference = 90539FF7203592EF0074A1B2 /* Genç KariyerTests.xctest */;
			productType = "com.apple.product-type.bundle.unit-test";
		};
/* End PBXNativeTarget section */

/* Begin PBXProject section */
		90539FDB203592EF0074A1B2 /* Project object */ = {
			isa = PBXProject;
			attributes = {
				LastSwiftUpdateCheck = 0920;
				LastUpgradeCheck = 0920;
				ORGANIZATIONNAME = "Mert Şide";
				TargetAttributes = {
					90539FE2203592EF0074A1B2 = {
						CreatedOnToolsVersion = 9.2;
						ProvisioningStyle = Automatic;
					};
					90539FF6203592EF0074A1B2 = {
						CreatedOnToolsVersion = 9.2;
						ProvisioningStyle = Automatic;
						TestTargetID = 90539FE2203592EF0074A1B2;
					};
				};
			};
			buildConfigurationList = 90539FDE203592EF0074A1B2 /* Build configuration list for PBXProject "Genç Kariyer" */;
			compatibilityVersion = "Xcode 8.0";
			developmentRegion = en;
			hasScannedForEncodings = 0;
			knownRegions = (
				en,
				Base,
			);
			mainGroup = 90539FDA203592EF0074A1B2;
			productRefGroup = 90539FE4203592EF0074A1B2 /* Products */;
			projectDirPath = "";
			projectRoot = "";
			targets = (
				90539FE2203592EF0074A1B2 /* Genç Kariyer */,
				90539FF6203592EF0074A1B2 /* Genç KariyerTests */,
			);
		};
/* End PBXProject section */

/* Begin PBXResourcesBuildPhase section */
		90539FE1203592EF0074A1B2 /* Resources */ = {
			isa = PBXResourcesBuildPhase;
			buildActionMask = 2147483647;
			files = (
				90539FF1203592EF0074A1B2 /* LaunchScreen.storyboard in Resources */,
				90539FEE203592EF0074A1B2 /* Assets.xcassets in Resources */,
				90539FEC203592EF0074A1B2 /* Main.storyboard in Resources */,
			);
			runOnlyForDeploymentPostprocessing = 0;
		};
		90539FF5203592EF0074A1B2 /* Resources */ = {
			isa = PBXResourcesBuildPhase;
			buildActionMask = 2147483647;
			files = (
			);
			runOnlyForDeploymentPostprocessing = 0;
		};
/* End PBXResourcesBuildPhase section */

/* Begin PBXSourcesBuildPhase section */
		90539FDF203592EF0074A1B2 /* Sources */ = {
			isa = PBXSourcesBuildPhase;
			buildActionMask = 2147483647;
			files = (
				90539FE9203592EF0074A1B2 /* ViewController.swift in Sources */,
				90539FE7203592EF0074A1B2 /* AppDelegate.swift in Sources */,
				90465CA9203C70AB007260B6 /* CharacterDetailsViewController.swift in Sources */,
				900B8D9A20385C620058FB3D /* CharacterReportViewController.swift in Sources */,
				9023D46E2035FD9F00851F53 /* CharacterQuestionsViewController.swift in Sources */,
			);
			runOnlyForDeploymentPostprocessing = 0;
		};
		90539FF3203592EF0074A1B2 /* Sources */ = {
			isa = PBXSourcesBuildPhase;
			buildActionMask = 2147483647;
			files = (
				90539FFC203592EF0074A1B2 /* Genc__KariyerTests.swift in Sources */,
			);
			runOnlyForDeploymentPostprocessing = 0;
		};
/* End PBXSourcesBuildPhase section */

/* Begin PBXTargetDependency section */
		90539FF9203592EF0074A1B2 /* PBXTargetDependency */ = {
			isa = PBXTargetDependency;
			target = 90539FE2203592EF0074A1B2 /* Genç Kariyer */;
			targetProxy = 90539FF8203592EF0074A1B2 /* PBXContainerItemProxy */;
		};
/* End PBXTargetDependency section */

/* Begin PBXVariantGroup section */
		90539FEA203592EF0074A1B2 /* Main.storyboard */ = {
			isa = PBXVariantGroup;
			children = (
				90539FEB203592EF0074A1B2 /* Base */,
			);
			name = Main.storyboard;
			sourceTree = "<group>";
		};
		90539FEF203592EF0074A1B2 /* LaunchScreen.storyboard */ = {
			isa = PBXVariantGroup;
			children = (
				90539FF0203592EF0074A1B2 /* Base */,
			);
			name = LaunchScreen.storyboard;
			sourceTree = "<group>";
		};
/* End PBXVariantGroup section */

/* Begin XCBuildConfiguration section */
		90539FFE203592EF0074A1B2 /* Debug */ = {
			isa = XCBuildConfiguration;
			buildSettings = {
				ALWAYS_SEARCH_USER_PATHS = NO;
				CLANG_ANALYZER_NONNULL = YES;
				CLANG_ANALYZER_NUMBER_OBJECT_CONVERSION = YES_AGGRESSIVE;
				CLANG_CXX_LANGUAGE_STANDARD = "gnu++14";
				CLANG_CXX_LIBRARY = "libc++";
				CLANG_ENABLE_MODULES = YES;
				CLANG_ENABLE_OBJC_ARC = YES;
				CLANG_WARN_BLOCK_CAPTURE_AUTORELEASING = YES;
				CLANG_WARN_BOOL_CONVERSION = YES;
				CLANG_WARN_COMMA = YES;
				CLANG_WARN_CONSTANT_CONVERSION = YES;
				CLANG_WARN_DIRECT_OBJC_ISA_USAGE = YES_ERROR;
				CLANG_WARN_DOCUMENTATION_COMMENTS = YES;
				CLANG_WARN_EMPTY_BODY = YES;
				CLANG_WARN_ENUM_CONVERSION = YES;
				CLANG_WARN_INFINITE_RECURSION = YES;
				CLANG_WARN_INT_CONVERSION = YES;
				CLANG_WARN_NON_LITERAL_NULL_CONVERSION = YES;
				CLANG_WARN_OBJC_LITERAL_CONVERSION = YES;
				CLANG_WARN_OBJC_ROOT_CLASS = YES_ERROR;
				CLANG_WARN_RANGE_LOOP_ANALYSIS = YES;
				CLANG_WARN_STRICT_PROTOTYPES = YES;
				CLANG_WARN_SUSPICIOUS_MOVE = YES;
				CLANG_WARN_UNGUARDED_AVAILABILITY = YES_AGGRESSIVE;
				CLANG_WARN_UNREACHABLE_CODE = YES;
				CLANG_WARN__DUPLICATE_METHOD_MATCH = YES;
				CODE_SIGN_IDENTITY = "iPhone Developer";
				COPY_PHASE_STRIP = NO;
				DEBUG_INFORMATION_FORMAT = dwarf;
				ENABLE_STRICT_OBJC_MSGSEND = YES;
				ENABLE_TESTABILITY = YES;
				GCC_C_LANGUAGE_STANDARD = gnu11;
				GCC_DYNAMIC_NO_PIC = NO;
				GCC_NO_COMMON_BLOCKS = YES;
				GCC_OPTIMIZATION_LEVEL = 0;
				GCC_PREPROCESSOR_DEFINITIONS = (
					"DEBUG=1",
					"$(inherited)",
				);
				GCC_WARN_64_TO_32_BIT_CONVERSION = YES;
				GCC_WARN_ABOUT_RETURN_TYPE = YES_ERROR;
				GCC_WARN_UNDECLARED_SELECTOR = YES;
				GCC_WARN_UNINITIALIZED_AUTOS = YES_AGGRESSIVE;
				GCC_WARN_UNUSED_FUNCTION = YES;
				GCC_WARN_UNUSED_VARIABLE = YES;
				IPHONEOS_DEPLOYMENT_TARGET = 11.2;
				MTL_ENABLE_DEBUG_INFO = YES;
				ONLY_ACTIVE_ARCH = YES;
				SDKROOT = iphoneos;
				SWIFT_ACTIVE_COMPILATION_CONDITIONS = DEBUG;
				SWIFT_OPTIMIZATION_LEVEL = "-Onone";
			};
			name = Debug;
		};
		90539FFF203592EF0074A1B2 /* Release */ = {
			isa = XCBuildConfiguration;
			buildSettings = {
				ALWAYS_SEARCH_USER_PATHS = NO;
				CLANG_ANALYZER_NONNULL = YES;
				CLANG_ANALYZER_NUMBER_OBJECT_CONVERSION = YES_AGGRESSIVE;
				CLANG_CXX_LANGUAGE_STANDARD = "gnu++14";
				CLANG_CXX_LIBRARY = "libc++";
				CLANG_ENABLE_MODULES = YES;
				CLANG_ENABLE_OBJC_ARC = YES;
				CLANG_WARN_BLOCK_CAPTURE_AUTORELEASING = YES;
				CLANG_WARN_BOOL_CONVERSION = YES;
				CLANG_WARN_COMMA = YES;
				CLANG_WARN_CONSTANT_CONVERSION = YES;
				CLANG_WARN_DIRECT_OBJC_ISA_USAGE = YES_ERROR;
				CLANG_WARN_DOCUMENTATION_COMMENTS = YES;
				CLANG_WARN_EMPTY_BODY = YES;
				CLANG_WARN_ENUM_CONVERSION = YES;
				CLANG_WARN_INFINITE_RECURSION = YES;
				CLANG_WARN_INT_CONVERSION = YES;
				CLANG_WARN_NON_LITERAL_NULL_CONVERSION = YES;
				CLANG_WARN_OBJC_LITERAL_CONVERSION = YES;
				CLANG_WARN_OBJC_ROOT_CLASS = YES_ERROR;
				CLANG_WARN_RANGE_LOOP_ANALYSIS = YES;
				CLANG_WARN_STRICT_PROTOTYPES = YES;
				CLANG_WARN_SUSPICIOUS_MOVE = YES;
				CLANG_WARN_UNGUARDED_AVAILABILITY = YES_AGGRESSIVE;
				CLANG_WARN_UNREACHABLE_CODE = YES;
				CLANG_WARN__DUPLICATE_METHOD_MATCH = YES;
				CODE_SIGN_IDENTITY = "iPhone Developer";
				COPY_PHASE_STRIP = NO;
				DEBUG_INFORMATION_FORMAT = "dwarf-with-dsym";
				ENABLE_NS_ASSERTIONS = NO;
				ENABLE_STRICT_OBJC_MSGSEND = YES;
				GCC_C_LANGUAGE_STANDARD = gnu11;
				GCC_NO_COMMON_BLOCKS = YES;
				GCC_WARN_64_TO_32_BIT_CONVERSION = YES;
				GCC_WARN_ABOUT_RETURN_TYPE = YES_ERROR;
				GCC_WARN_UNDECLARED_SELECTOR = YES;
				GCC_WARN_UNINITIALIZED_AUTOS = YES_AGGRESSIVE;
				GCC_WARN_UNUSED_FUNCTION = YES;
				GCC_WARN_UNUSED_VARIABLE = YES;
				IPHONEOS_DEPLOYMENT_TARGET = 11.2;
				MTL_ENABLE_DEBUG_INFO = NO;
				SDKROOT = iphoneos;
				SWIFT_OPTIMIZATION_LEVEL = "-Owholemodule";
				VALIDATE_PRODUCT = YES;
			};
			name = Release;
		};
		9053A001203592EF0074A1B2 /* Debug */ = {
			isa = XCBuildConfiguration;
			buildSettings = {
				ASSETCATALOG_COMPILER_APPICON_NAME = AppIcon;
				CODE_SIGN_STYLE = Automatic;
				DEVELOPMENT_TEAM = LBMJF9NGT6;
				INFOPLIST_FILE = "Genç Kariyer/Info.plist";
				LD_RUNPATH_SEARCH_PATHS = "$(inherited) @executable_path/Frameworks";
				PRODUCT_BUNDLE_IDENTIFIER = "com.mertside.Genc--Kariyer";
				PRODUCT_NAME = "$(TARGET_NAME)";
				SWIFT_VERSION = 4.0;
				TARGETED_DEVICE_FAMILY = "1,2";
			};
			name = Debug;
		};
		9053A002203592EF0074A1B2 /* Release */ = {
			isa = XCBuildConfiguration;
			buildSettings = {
				ASSETCATALOG_COMPILER_APPICON_NAME = AppIcon;
				CODE_SIGN_STYLE = Automatic;
				DEVELOPMENT_TEAM = LBMJF9NGT6;
				INFOPLIST_FILE = "Genç Kariyer/Info.plist";
				LD_RUNPATH_SEARCH_PATHS = "$(inherited) @executable_path/Frameworks";
				PRODUCT_BUNDLE_IDENTIFIER = "com.mertside.Genc--Kariyer";
				PRODUCT_NAME = "$(TARGET_NAME)";
				SWIFT_VERSION = 4.0;
				TARGETED_DEVICE_FAMILY = "1,2";
			};
			name = Release;
		};
		9053A004203592EF0074A1B2 /* Debug */ = {
			isa = XCBuildConfiguration;
			buildSettings = {
				ALWAYS_EMBED_SWIFT_STANDARD_LIBRARIES = YES;
				BUNDLE_LOADER = "$(TEST_HOST)";
				CODE_SIGN_STYLE = Automatic;
				DEVELOPMENT_TEAM = LBMJF9NGT6;
				INFOPLIST_FILE = "Genç KariyerTests/Info.plist";
				LD_RUNPATH_SEARCH_PATHS = "$(inherited) @executable_path/Frameworks @loader_path/Frameworks";
				PRODUCT_BUNDLE_IDENTIFIER = "com.mertside.Genc--KariyerTests";
				PRODUCT_NAME = "$(TARGET_NAME)";
				SWIFT_VERSION = 4.0;
				TARGETED_DEVICE_FAMILY = "1,2";
				TEST_HOST = "$(BUILT_PRODUCTS_DIR)/Genç Kariyer.app/Genç Kariyer";
			};
			name = Debug;
		};
		9053A005203592EF0074A1B2 /* Release */ = {
			isa = XCBuildConfiguration;
			buildSettings = {
				ALWAYS_EMBED_SWIFT_STANDARD_LIBRARIES = YES;
				BUNDLE_LOADER = "$(TEST_HOST)";
				CODE_SIGN_STYLE = Automatic;
				DEVELOPMENT_TEAM = LBMJF9NGT6;
				INFOPLIST_FILE = "Genç KariyerTests/Info.plist";
				LD_RUNPATH_SEARCH_PATHS = "$(inherited) @executable_path/Frameworks @loader_path/Frameworks";
				PRODUCT_BUNDLE_IDENTIFIER = "com.mertside.Genc--KariyerTests";
				PRODUCT_NAME = "$(TARGET_NAME)";
				SWIFT_VERSION = 4.0;
				TARGETED_DEVICE_FAMILY = "1,2";
				TEST_HOST = "$(BUILT_PRODUCTS_DIR)/Genç Kariyer.app/Genç Kariyer";
			};
			name = Release;
		};
/* End XCBuildConfiguration section */

/* Begin XCConfigurationList section */
		90539FDE203592EF0074A1B2 /* Build configuration list for PBXProject "Genç Kariyer" */ = {
			isa = XCConfigurationList;
			buildConfigurations = (
				90539FFE203592EF0074A1B2 /* Debug */,
				90539FFF203592EF0074A1B2 /* Release */,
			);
			defaultConfigurationIsVisible = 0;
			defaultConfigurationName = Release;
		};
		9053A000203592EF0074A1B2 /* Build configuration list for PBXNativeTarget "Genç Kariyer" */ = {
			isa = XCConfigurationList;
			buildConfigurations = (
				9053A001203592EF0074A1B2 /* Debug */,
				9053A002203592EF0074A1B2 /* Release */,
			);
			defaultConfigurationIsVisible = 0;
			defaultConfigurationName = Release;
		};
		9053A003203592EF0074A1B2 /* Build configuration list for PBXNativeTarget "Genç KariyerTests" */ = {
			isa = XCConfigurationList;
			buildConfigurations = (
				9053A004203592EF0074A1B2 /* Debug */,
				9053A005203592EF0074A1B2 /* Release */,
			);
			defaultConfigurationIsVisible = 0;
			defaultConfigurationName = Release;
		};
/* End XCConfigurationList section */
	};
	rootObject = 90539FDB203592EF0074A1B2 /* Project object */;
}
